
Microsoft Visual Studio Solution File, Format Version 12.00
# Visual Studio 2012
Project("{FAE04EC0-301F-11D3-BF4B-00C04F79EFBC}") = "Civic.Core.Logging", "Framework\Civic.Core.Logging\Civic.Core.Logging.csproj", "{62B8463D-2C19-47C2-A7C2-2740F78C27D1}"
EndProject
Project("{FAE04EC0-301F-11D3-BF4B-00C04F79EFBC}") = "Civic.Core.Logging.DB", "Framework\Civic.Core.Logging.DB\Civic.Core.Logging.DB.csproj", "{15F29F9B-DAE4-4DF1-AC69-0615029CB5D6}"
EndProject
Project("{FAE04EC0-301F-11D3-BF4B-00C04F79EFBC}") = "Civic.Core.Data", "Framework\Civic.Core.Data\Civic.Core.Data.csproj", "{3447D6A0-56B4-4E6B-A2DB-F425324F614A}"
EndProject
Project("{FAE04EC0-301F-11D3-BF4B-00C04F79EFBC}") = "Civic.Core.Caching", "Framework\Civic.Core.Caching\Civic.Core.Caching.csproj", "{B8050087-2B82-4A11-AF63-12222991905F}"
EndProject
Project("{FAE04EC0-301F-11D3-BF4B-00C04F79EFBC}") = "Civic.Core.WindowsService", "Framework\Civic.Core.WindowsService\Civic.Core.WindowsService.csproj", "{FB551BD0-3553-4205-A483-15C28BA6EDFA}"
EndProject
Project("{2150E333-8FDC-42A3-9474-1A3956D46DE8}") = ".nuget", ".nuget", "{7AA233FB-EE92-49EC-8836-0553F58A2E17}"
	ProjectSection(SolutionItems) = preProject
		.nuget\AssemblyVersionFinder.exe = .nuget\AssemblyVersionFinder.exe
		.nuget\NuGet.Config = .nuget\NuGet.Config
		.nuget\NuGet.exe = .nuget\NuGet.exe
		.nuget\NuGet.targets = .nuget\NuGet.targets
	EndProjectSection
EndProject
Project("{FAE04EC0-301F-11D3-BF4B-00C04F79EFBC}") = "Civic.Core.Configuration", "Framework\Civic.Core.Configuration\Civic.Core.Configuration.csproj", "{4243BF37-B025-4AD1-874E-8B118869C5CF}"
EndProject
Project("{2150E333-8FDC-42A3-9474-1A3956D46DE8}") = "Framework", "Framework", "{2478DF12-48D3-4ECF-AE12-F8DFD19B55D8}"
EndProject
Project("{FAE04EC0-301F-11D3-BF4B-00C04F79EFBC}") = "Civic.T4.WebApi", "Framework\Civic.T4.WebApi\Civic.T4.WebApi.csproj", "{E8F58C4A-41DE-40C7-994B-9E2230C30553}"
EndProject
Project("{2150E333-8FDC-42A3-9474-1A3956D46DE8}") = "Applications", "Applications", "{486B2BA0-3CB3-441A-BA4D-1F9249B83A31}"
EndProject
Project("{2150E333-8FDC-42A3-9474-1A3956D46DE8}") = "Utilities", "Utilities", "{34550020-1F1F-4445-86EA-149548E0469D}"
EndProject
Project("{FAE04EC0-301F-11D3-BF4B-00C04F79EFBC}") = "AssemblyVersionFinder", "Applications\Utilities\AssemblyVersionFinder\AssemblyVersionFinder.csproj", "{8A3E7B72-57DD-40D5-878D-1858179BD69B}"
EndProject
Project("{FAE04EC0-301F-11D3-BF4B-00C04F79EFBC}") = "AssemblyVersionSetter", "Applications\Utilities\AssemblyVersionSetter\AssemblyVersionSetter.csproj", "{14ED3673-0061-4776-A0B1-E5F411014FE7}"
EndProject
Project("{2150E333-8FDC-42A3-9474-1A3956D46DE8}") = "Solution Items", "Solution Items", "{54D7CD44-0610-43DD-9FCE-7480335B3B4F}"
	ProjectSection(SolutionItems) = preProject
		References\civic.snk = References\civic.snk
	EndProjectSection
EndProject
Project("{FAE04EC0-301F-11D3-BF4B-00C04F79EFBC}") = "Civic.Core.Framework", "Framework\Civic.Core.Framework\Civic.Core.Framework.csproj", "{5F6F5303-3D84-4D29-8FBA-3B1D54EE879D}"
EndProject
Global
	GlobalSection(SolutionConfigurationPlatforms) = preSolution
		Debug|Any CPU = Debug|Any CPU
		Debug|x64 = Debug|x64
		Nuget|Any CPU = Nuget|Any CPU
		Nuget|x64 = Nuget|x64
		Release|Any CPU = Release|Any CPU
		Release|x64 = Release|x64
	EndGlobalSection
	GlobalSection(ProjectConfigurationPlatforms) = postSolution
		{62B8463D-2C19-47C2-A7C2-2740F78C27D1}.Debug|Any CPU.ActiveCfg = Debug|Any CPU
		{62B8463D-2C19-47C2-A7C2-2740F78C27D1}.Debug|Any CPU.Build.0 = Debug|Any CPU
		{62B8463D-2C19-47C2-A7C2-2740F78C27D1}.Debug|x64.ActiveCfg = Debug|Any CPU
		{62B8463D-2C19-47C2-A7C2-2740F78C27D1}.Nuget|Any CPU.ActiveCfg = Nuget|Any CPU
		{62B8463D-2C19-47C2-A7C2-2740F78C27D1}.Nuget|Any CPU.Build.0 = Nuget|Any CPU
		{62B8463D-2C19-47C2-A7C2-2740F78C27D1}.Nuget|x64.ActiveCfg = Release|Any CPU
		{62B8463D-2C19-47C2-A7C2-2740F78C27D1}.Release|Any CPU.ActiveCfg = Release|Any CPU
		{62B8463D-2C19-47C2-A7C2-2740F78C27D1}.Release|Any CPU.Build.0 = Release|Any CPU
		{62B8463D-2C19-47C2-A7C2-2740F78C27D1}.Release|x64.ActiveCfg = Release|Any CPU
		{15F29F9B-DAE4-4DF1-AC69-0615029CB5D6}.Debug|Any CPU.ActiveCfg = Debug|Any CPU
		{15F29F9B-DAE4-4DF1-AC69-0615029CB5D6}.Debug|Any CPU.Build.0 = Debug|Any CPU
		{15F29F9B-DAE4-4DF1-AC69-0615029CB5D6}.Debug|x64.ActiveCfg = Debug|Any CPU
		{15F29F9B-DAE4-4DF1-AC69-0615029CB5D6}.Nuget|Any CPU.ActiveCfg = Nuget|Any CPU
		{15F29F9B-DAE4-4DF1-AC69-0615029CB5D6}.Nuget|Any CPU.Build.0 = Nuget|Any CPU
		{15F29F9B-DAE4-4DF1-AC69-0615029CB5D6}.Nuget|x64.ActiveCfg = Release|Any CPU
		{15F29F9B-DAE4-4DF1-AC69-0615029CB5D6}.Release|Any CPU.ActiveCfg = Release|Any CPU
		{15F29F9B-DAE4-4DF1-AC69-0615029CB5D6}.Release|Any CPU.Build.0 = Release|Any CPU
		{15F29F9B-DAE4-4DF1-AC69-0615029CB5D6}.Release|x64.ActiveCfg = Release|Any CPU
		{3447D6A0-56B4-4E6B-A2DB-F425324F614A}.Debug|Any CPU.ActiveCfg = Debug|Any CPU
		{3447D6A0-56B4-4E6B-A2DB-F425324F614A}.Debug|Any CPU.Build.0 = Debug|Any CPU
		{3447D6A0-56B4-4E6B-A2DB-F425324F614A}.Debug|x64.ActiveCfg = Debug|Any CPU
		{3447D6A0-56B4-4E6B-A2DB-F425324F614A}.Nuget|Any CPU.ActiveCfg = Nuget|Any CPU
		{3447D6A0-56B4-4E6B-A2DB-F425324F614A}.Nuget|Any CPU.Build.0 = Nuget|Any CPU
		{3447D6A0-56B4-4E6B-A2DB-F425324F614A}.Nuget|x64.ActiveCfg = Release|Any CPU
		{3447D6A0-56B4-4E6B-A2DB-F425324F614A}.Release|Any CPU.ActiveCfg = Release|Any CPU
		{3447D6A0-56B4-4E6B-A2DB-F425324F614A}.Release|Any CPU.Build.0 = Release|Any CPU
		{3447D6A0-56B4-4E6B-A2DB-F425324F614A}.Release|x64.ActiveCfg = Release|Any CPU
		{B8050087-2B82-4A11-AF63-12222991905F}.Debug|Any CPU.ActiveCfg = Debug|Any CPU
		{B8050087-2B82-4A11-AF63-12222991905F}.Debug|Any CPU.Build.0 = Debug|Any CPU
		{B8050087-2B82-4A11-AF63-12222991905F}.Debug|x64.ActiveCfg = Debug|Any CPU
		{B8050087-2B82-4A11-AF63-12222991905F}.Nuget|Any CPU.ActiveCfg = Nuget|Any CPU
		{B8050087-2B82-4A11-AF63-12222991905F}.Nuget|Any CPU.Build.0 = Nuget|Any CPU
		{B8050087-2B82-4A11-AF63-12222991905F}.Nuget|x64.ActiveCfg = Release|Any CPU
		{B8050087-2B82-4A11-AF63-12222991905F}.Release|Any CPU.ActiveCfg = Release|Any CPU
		{B8050087-2B82-4A11-AF63-12222991905F}.Release|Any CPU.Build.0 = Release|Any CPU
		{B8050087-2B82-4A11-AF63-12222991905F}.Release|x64.ActiveCfg = Release|Any CPU
		{FB551BD0-3553-4205-A483-15C28BA6EDFA}.Debug|Any CPU.ActiveCfg = Debug|Any CPU
		{FB551BD0-3553-4205-A483-15C28BA6EDFA}.Debug|Any CPU.Build.0 = Debug|Any CPU
		{FB551BD0-3553-4205-A483-15C28BA6EDFA}.Debug|x64.ActiveCfg = Debug|Any CPU
		{FB551BD0-3553-4205-A483-15C28BA6EDFA}.Nuget|Any CPU.ActiveCfg = Nuget|Any CPU
		{FB551BD0-3553-4205-A483-15C28BA6EDFA}.Nuget|Any CPU.Build.0 = Nuget|Any CPU
		{FB551BD0-3553-4205-A483-15C28BA6EDFA}.Nuget|x64.ActiveCfg = Release|Any CPU
		{FB551BD0-3553-4205-A483-15C28BA6EDFA}.Release|Any CPU.ActiveCfg = Release|Any CPU
		{FB551BD0-3553-4205-A483-15C28BA6EDFA}.Release|Any CPU.Build.0 = Release|Any CPU
		{FB551BD0-3553-4205-A483-15C28BA6EDFA}.Release|x64.ActiveCfg = Release|Any CPU
		{4243BF37-B025-4AD1-874E-8B118869C5CF}.Debug|Any CPU.ActiveCfg = Debug|Any CPU
		{4243BF37-B025-4AD1-874E-8B118869C5CF}.Debug|Any CPU.Build.0 = Debug|Any CPU
		{4243BF37-B025-4AD1-874E-8B118869C5CF}.Debug|x64.ActiveCfg = Debug|Any CPU
		{4243BF37-B025-4AD1-874E-8B118869C5CF}.Nuget|Any CPU.ActiveCfg = Nuget|Any CPU
		{4243BF37-B025-4AD1-874E-8B118869C5CF}.Nuget|Any CPU.Build.0 = Nuget|Any CPU
		{4243BF37-B025-4AD1-874E-8B118869C5CF}.Nuget|x64.ActiveCfg = Release|Any CPU
		{4243BF37-B025-4AD1-874E-8B118869C5CF}.Release|Any CPU.ActiveCfg = Release|Any CPU
		{4243BF37-B025-4AD1-874E-8B118869C5CF}.Release|Any CPU.Build.0 = Release|Any CPU
		{4243BF37-B025-4AD1-874E-8B118869C5CF}.Release|x64.ActiveCfg = Release|Any CPU
		{E8F58C4A-41DE-40C7-994B-9E2230C30553}.Debug|Any CPU.ActiveCfg = Debug|Any CPU
		{E8F58C4A-41DE-40C7-994B-9E2230C30553}.Debug|Any CPU.Build.0 = Debug|Any CPU
		{E8F58C4A-41DE-40C7-994B-9E2230C30553}.Debug|x64.ActiveCfg = Debug|Any CPU
		{E8F58C4A-41DE-40C7-994B-9E2230C30553}.Nuget|Any CPU.ActiveCfg = Nuget|Any CPU
		{E8F58C4A-41DE-40C7-994B-9E2230C30553}.Nuget|Any CPU.Build.0 = Nuget|Any CPU
		{E8F58C4A-41DE-40C7-994B-9E2230C30553}.Nuget|x64.ActiveCfg = Nuget|Any CPU
		{E8F58C4A-41DE-40C7-994B-9E2230C30553}.Release|Any CPU.ActiveCfg = Release|Any CPU
		{E8F58C4A-41DE-40C7-994B-9E2230C30553}.Release|Any CPU.Build.0 = Release|Any CPU
		{E8F58C4A-41DE-40C7-994B-9E2230C30553}.Release|x64.ActiveCfg = Release|Any CPU
		{8A3E7B72-57DD-40D5-878D-1858179BD69B}.Debug|Any CPU.ActiveCfg = Debug|Any CPU
		{8A3E7B72-57DD-40D5-878D-1858179BD69B}.Debug|Any CPU.Build.0 = Debug|Any CPU
		{8A3E7B72-57DD-40D5-878D-1858179BD69B}.Debug|x64.ActiveCfg = Debug|Any CPU
		{8A3E7B72-57DD-40D5-878D-1858179BD69B}.Nuget|Any CPU.ActiveCfg = Release|Any CPU
		{8A3E7B72-57DD-40D5-878D-1858179BD69B}.Nuget|x64.ActiveCfg = Release|Any CPU
		{8A3E7B72-57DD-40D5-878D-1858179BD69B}.Release|Any CPU.ActiveCfg = Release|Any CPU
		{8A3E7B72-57DD-40D5-878D-1858179BD69B}.Release|Any CPU.Build.0 = Release|Any CPU
		{8A3E7B72-57DD-40D5-878D-1858179BD69B}.Release|x64.ActiveCfg = Release|Any CPU
		{14ED3673-0061-4776-A0B1-E5F411014FE7}.Debug|Any CPU.ActiveCfg = Debug|Any CPU
		{14ED3673-0061-4776-A0B1-E5F411014FE7}.Debug|Any CPU.Build.0 = Debug|Any CPU
		{14ED3673-0061-4776-A0B1-E5F411014FE7}.Debug|x64.ActiveCfg = Debug|Any CPU
		{14ED3673-0061-4776-A0B1-E5F411014FE7}.Nuget|Any CPU.ActiveCfg = Release|Any CPU
		{14ED3673-0061-4776-A0B1-E5F411014FE7}.Nuget|x64.ActiveCfg = Release|Any CPU
		{14ED3673-0061-4776-A0B1-E5F411014FE7}.Release|Any CPU.ActiveCfg = Release|Any CPU
		{14ED3673-0061-4776-A0B1-E5F411014FE7}.Release|Any CPU.Build.0 = Release|Any CPU
		{14ED3673-0061-4776-A0B1-E5F411014FE7}.Release|x64.ActiveCfg = Release|Any CPU
		{5F6F5303-3D84-4D29-8FBA-3B1D54EE879D}.Debug|Any CPU.ActiveCfg = Debug|Any CPU
		{5F6F5303-3D84-4D29-8FBA-3B1D54EE879D}.Debug|Any CPU.Build.0 = Debug|Any CPU
		{5F6F5303-3D84-4D29-8FBA-3B1D54EE879D}.Debug|x64.ActiveCfg = Debug|Any CPU
		{5F6F5303-3D84-4D29-8FBA-3B1D54EE879D}.Nuget|Any CPU.ActiveCfg = Nuget|Any CPU
		{5F6F5303-3D84-4D29-8FBA-3B1D54EE879D}.Nuget|Any CPU.Build.0 = Nuget|Any CPU
		{5F6F5303-3D84-4D29-8FBA-3B1D54EE879D}.Nuget|x64.ActiveCfg = Release|Any CPU
		{5F6F5303-3D84-4D29-8FBA-3B1D54EE879D}.Release|Any CPU.ActiveCfg = Release|Any CPU
		{5F6F5303-3D84-4D29-8FBA-3B1D54EE879D}.Release|Any CPU.Build.0 = Release|Any CPU
		{5F6F5303-3D84-4D29-8FBA-3B1D54EE879D}.Release|x64.ActiveCfg = Release|Any CPU
	EndGlobalSection
	GlobalSection(SolutionProperties) = preSolution
		HideSolutionNode = FALSE
	EndGlobalSection
	GlobalSection(NestedProjects) = preSolution
		{15F29F9B-DAE4-4DF1-AC69-0615029CB5D6} = {2478DF12-48D3-4ECF-AE12-F8DFD19B55D8}
		{3447D6A0-56B4-4E6B-A2DB-F425324F614A} = {2478DF12-48D3-4ECF-AE12-F8DFD19B55D8}
		{B8050087-2B82-4A11-AF63-12222991905F} = {2478DF12-48D3-4ECF-AE12-F8DFD19B55D8}
		{FB551BD0-3553-4205-A483-15C28BA6EDFA} = {2478DF12-48D3-4ECF-AE12-F8DFD19B55D8}
		{4243BF37-B025-4AD1-874E-8B118869C5CF} = {2478DF12-48D3-4ECF-AE12-F8DFD19B55D8}
		{62B8463D-2C19-47C2-A7C2-2740F78C27D1} = {2478DF12-48D3-4ECF-AE12-F8DFD19B55D8}
		{E8F58C4A-41DE-40C7-994B-9E2230C30553} = {2478DF12-48D3-4ECF-AE12-F8DFD19B55D8}
		{5F6F5303-3D84-4D29-8FBA-3B1D54EE879D} = {2478DF12-48D3-4ECF-AE12-F8DFD19B55D8}
		{34550020-1F1F-4445-86EA-149548E0469D} = {486B2BA0-3CB3-441A-BA4D-1F9249B83A31}
		{8A3E7B72-57DD-40D5-878D-1858179BD69B} = {34550020-1F1F-4445-86EA-149548E0469D}
		{14ED3673-0061-4776-A0B1-E5F411014FE7} = {34550020-1F1F-4445-86EA-149548E0469D}
	EndGlobalSection
EndGlobal
