
Microsoft Visual Studio Solution File, Format Version 12.00
# Visual Studio 2012
Project("{FAE04EC0-301F-11D3-BF4B-00C04F79EFBC}") = "AssemblyVersionFinder", "AssemblyVersionFinder.csproj", "{8A3E7B72-57DD-40D5-878D-1858179BD69B}"
EndProject
Project("{FAE04EC0-301F-11D3-BF4B-00C04F79EFBC}") = "AssemblyVersionSetter", "..\AssemblyVersionSetter\AssemblyVersionSetter.csproj", "{14ED3673-0061-4776-A0B1-E5F411014FE7}"
EndProject
Global
	GlobalSection(TeamFoundationVersionControl) = preSolution
		SccNumberOfProjects = 3
		SccEnterpriseProvider = {4CA58AB2-18FA-4F8D-95D4-32DDF27D184C}
		SccTeamFoundationServer = http://tfs2010.deloitte.com:8080/tfs/uscommunications
		SccLocalPath0 = .
		SccProjectUniqueName1 = AssemblyVersionFinder.csproj
		SccLocalPath1 = .
		SccProjectUniqueName2 = ..\\AssemblyVersionSetter\\AssemblyVersionSetter.csproj
		SccProjectName2 = ../AssemblyVersionSetter
		SccLocalPath2 = ..\\AssemblyVersionSetter
	EndGlobalSection
	GlobalSection(SolutionConfigurationPlatforms) = preSolution
		Debug|Any CPU = Debug|Any CPU
		Release|Any CPU = Release|Any CPU
	EndGlobalSection
	GlobalSection(ProjectConfigurationPlatforms) = postSolution
		{8A3E7B72-57DD-40D5-878D-1858179BD69B}.Debug|Any CPU.ActiveCfg = Debug|Any CPU
		{8A3E7B72-57DD-40D5-878D-1858179BD69B}.Debug|Any CPU.Build.0 = Debug|Any CPU
		{8A3E7B72-57DD-40D5-878D-1858179BD69B}.Release|Any CPU.ActiveCfg = Release|Any CPU
		{8A3E7B72-57DD-40D5-878D-1858179BD69B}.Release|Any CPU.Build.0 = Release|Any CPU
		{14ED3673-0061-4776-A0B1-E5F411014FE7}.Debug|Any CPU.ActiveCfg = Debug|Any CPU
		{14ED3673-0061-4776-A0B1-E5F411014FE7}.Debug|Any CPU.Build.0 = Debug|Any CPU
		{14ED3673-0061-4776-A0B1-E5F411014FE7}.Release|Any CPU.ActiveCfg = Release|Any CPU
		{14ED3673-0061-4776-A0B1-E5F411014FE7}.Release|Any CPU.Build.0 = Release|Any CPU
	EndGlobalSection
	GlobalSection(SolutionProperties) = preSolution
		HideSolutionNode = FALSE
	EndGlobalSection
EndGlobal
